
Microsoft Visual Studio Solution File, Format Version 12.00
# Visual Studio Version 17
VisualStudioVersion = 17.0.32014.148
MinimumVisualStudioVersion = 10.0.40219.1
Project("{9A19103F-16F7-4668-BE54-9A1E7A4F7556}") = "ChristmasTree", "ChristmasTree\ChristmasTree.csproj", "{29DED656-8E6C-4D43-921A-BCA90190BBF9}"
EndProject
Global
	GlobalSection(SolutionConfigurationPlatforms) = preSolution
		Debug|Any CPU = Debug|Any CPU
		Release|Any CPU = Release|Any CPU
	EndGlobalSection
	GlobalSection(ProjectConfigurationPlatforms) = postSolution
		{29DED656-8E6C-4D43-921A-BCA90190BBF9}.Debug|Any CPU.ActiveCfg = Debug|Any CPU
		{29DED656-8E6C-4D43-921A-BCA90190BBF9}.Debug|Any CPU.Build.0 = Debug|Any CPU
		{29DED656-8E6C-4D43-921A-BCA90190BBF9}.Release|Any CPU.ActiveCfg = Release|Any CPU
		{29DED656-8E6C-4D43-921A-BCA90190BBF9}.Release|Any CPU.Build.0 = Release|Any CPU
	EndGlobalSection
	GlobalSection(SolutionProperties) = preSolution
		HideSolutionNode = FALSE
	EndGlobalSection
	GlobalSection(ExtensibilityGlobals) = postSolution
		SolutionGuid = {406C2EDD-B127-4E2C-A406-85B9580D4DF6}
	EndGlobalSection
EndGlobal
